// !$*UTF8*$!
{
	archiveVersion = 1;
	classes = {
	};
	objectVersion = 46;
	objects = {

/* Begin PBXBuildFile section */
		00E356F31AD99517003FC87E /* XachmazGuideTests.m in Sources */ = {isa = PBXBuildFile; fileRef = 00E356F21AD99517003FC87E /* XachmazGuideTests.m */; };
		13B07FBC1A68108700A75B9A /* AppDelegate.m in Sources */ = {isa = PBXBuildFile; fileRef = 13B07FB01A68108700A75B9A /* AppDelegate.m */; };
		13B07FBD1A68108700A75B9A /* LaunchScreen.xib in Resources */ = {isa = PBXBuildFile; fileRef = 13B07FB11A68108700A75B9A /* LaunchScreen.xib */; };
		13B07FBF1A68108700A75B9A /* Images.xcassets in Resources */ = {isa = PBXBuildFile; fileRef = 13B07FB51A68108700A75B9A /* Images.xcassets */; };
		13B07FC11A68108700A75B9A /* main.m in Sources */ = {isa = PBXBuildFile; fileRef = 13B07FB71A68108700A75B9A /* main.m */; };
		2D02E4BC1E0B4A80006451C7 /* AppDelegate.m in Sources */ = {isa = PBXBuildFile; fileRef = 13B07FB01A68108700A75B9A /* AppDelegate.m */; };
		2D02E4BD1E0B4A84006451C7 /* Images.xcassets in Resources */ = {isa = PBXBuildFile; fileRef = 13B07FB51A68108700A75B9A /* Images.xcassets */; };
		2D02E4BF1E0B4AB3006451C7 /* main.m in Sources */ = {isa = PBXBuildFile; fileRef = 13B07FB71A68108700A75B9A /* main.m */; };
		2DCD954D1E0B4F2C00145EB5 /* XachmazGuideTests.m in Sources */ = {isa = PBXBuildFile; fileRef = 00E356F21AD99517003FC87E /* XachmazGuideTests.m */; };
		EB0D160C931F4FE5B71C62D4 /* AvenirNextCyr-Bold.ttf in Resources */ = {isa = PBXBuildFile; fileRef = B6868C8CA2A84C3AA51531E9 /* AvenirNextCyr-Bold.ttf */; };
		F02EA8127D704798A4F5980D /* AvenirNextCyr-BoldItalic.ttf in Resources */ = {isa = PBXBuildFile; fileRef = 5AFF239434D64DFEB29C0D5C /* AvenirNextCyr-BoldItalic.ttf */; };
		3203ADAF6AD94D85A2CF682D /* AvenirNextCyr-Demi.ttf in Resources */ = {isa = PBXBuildFile; fileRef = 94F94BB766264AE5AF24C67B /* AvenirNextCyr-Demi.ttf */; };
		F90E91B9A9904CE1846C2522 /* AvenirNextCyr-DemiItalic.ttf in Resources */ = {isa = PBXBuildFile; fileRef = D09445AB545B4FD0A8996057 /* AvenirNextCyr-DemiItalic.ttf */; };
		2E8CB45C9CDD4B788B4FCF9F /* AvenirNextCyr-Heavy.ttf in Resources */ = {isa = PBXBuildFile; fileRef = B62A1FCB619B405BB28C0F6E /* AvenirNextCyr-Heavy.ttf */; };
		2CA63C750F154ADDB84000D9 /* AvenirNextCyr-HeavyItalic.ttf in Resources */ = {isa = PBXBuildFile; fileRef = 66EAB575614C4B0E90EE5C71 /* AvenirNextCyr-HeavyItalic.ttf */; };
		15A9DCE3A9DB46138D23832E /* AvenirNextCyr-Italic.ttf in Resources */ = {isa = PBXBuildFile; fileRef = B8D02DEB7DBF4E2897836B30 /* AvenirNextCyr-Italic.ttf */; };
		2B2A45F029154C64BA381571 /* AvenirNextCyr-Light.ttf in Resources */ = {isa = PBXBuildFile; fileRef = 3E1BEA195AFA4DC9B2D6FC29 /* AvenirNextCyr-Light.ttf */; };
		2FFC1E1709774482ADE4FF13 /* AvenirNextCyr-LightItalic.ttf in Resources */ = {isa = PBXBuildFile; fileRef = 8D2A7F0E3853492B8155C0FE /* AvenirNextCyr-LightItalic.ttf */; };
		593C8E95D87A409DA19FE95D /* AvenirNextCyr-Medium.ttf in Resources */ = {isa = PBXBuildFile; fileRef = CE0E8E2CEF0A4B0CBC5AE6B2 /* AvenirNextCyr-Medium.ttf */; };
		4BAD70A2CDCB4396B41A4ADA /* AvenirNextCyr-MediumItalic.ttf in Resources */ = {isa = PBXBuildFile; fileRef = 07906B9A1F82423ABBD674CE /* AvenirNextCyr-MediumItalic.ttf */; };
		7296053901444557A9A6E47D /* AvenirNextCyr-Regular.ttf in Resources */ = {isa = PBXBuildFile; fileRef = 90F577B6B5724633B0B09751 /* AvenirNextCyr-Regular.ttf */; };
		83BE977BFB0D493589C8D0AC /* AvenirNextCyr-Thin.ttf in Resources */ = {isa = PBXBuildFile; fileRef = EBC60066061E44FFB6A5AB40 /* AvenirNextCyr-Thin.ttf */; };
		44B98FDB4BE44DDDADEAE0E8 /* AvenirNextCyr-ThinItalic.ttf in Resources */ = {isa = PBXBuildFile; fileRef = 56899BDB72D640B0BFD96220 /* AvenirNextCyr-ThinItalic.ttf */; };
		F08D992BDF5147D4A8D94738 /* AvenirNextCyr-UltraLight.ttf in Resources */ = {isa = PBXBuildFile; fileRef = 6D42A160A1DF4866BD2F8D9D /* AvenirNextCyr-UltraLight.ttf */; };
		7567ACB795BE44E593B4EE4B /* AvenirNextCyr-UltraLightIt.ttf in Resources */ = {isa = PBXBuildFile; fileRef = C37D1B5D502944CC88FAED84 /* AvenirNextCyr-UltraLightIt.ttf */; };
		EEFFD01CA9DE4969A4716516 /* AntDesign.ttf in Resources */ = {isa = PBXBuildFile; fileRef = B676A0F24BFB4A83AAC277FE /* AntDesign.ttf */; };
		D1D57CF1FBBC4D6182F95177 /* Entypo.ttf in Resources */ = {isa = PBXBuildFile; fileRef = 2AC0E85A7ED642E080637644 /* Entypo.ttf */; };
		5986720017134A1B980507D2 /* EvilIcons.ttf in Resources */ = {isa = PBXBuildFile; fileRef = D81E370F484B4A638788592C /* EvilIcons.ttf */; };
		83D631308756486E8BA88484 /* Feather.ttf in Resources */ = {isa = PBXBuildFile; fileRef = CB11E79A1BEE4221807695CC /* Feather.ttf */; };
		C0C390691D00479D825159E3 /* FontAwesome.ttf in Resources */ = {isa = PBXBuildFile; fileRef = 5B1163F47D334064916669C5 /* FontAwesome.ttf */; };
		A0EAF1487CD041F781AA84C4 /* FontAwesome5_Brands.ttf in Resources */ = {isa = PBXBuildFile; fileRef = F54BE831AF4B4A58A5BFD35F /* FontAwesome5_Brands.ttf */; };
		B2CC393DC7D14161A6CA518B /* FontAwesome5_Regular.ttf in Resources */ = {isa = PBXBuildFile; fileRef = 4EDF364799C0429C8FAD7CF0 /* FontAwesome5_Regular.ttf */; };
		B4B461D74763473EA3152A8D /* FontAwesome5_Solid.ttf in Resources */ = {isa = PBXBuildFile; fileRef = 05208704C3644758A98F38B5 /* FontAwesome5_Solid.ttf */; };
		90C13DECF30D434FA0588654 /* Fontisto.ttf in Resources */ = {isa = PBXBuildFile; fileRef = F4FA9B3A865E43B7B0186CAD /* Fontisto.ttf */; };
		55E688C7831E4B2EB63945EE /* Foundation.ttf in Resources */ = {isa = PBXBuildFile; fileRef = 48BF2BAF140149E5B24CBC9E /* Foundation.ttf */; };
		89927CC9EB0F4538836A5E28 /* Ionicons.ttf in Resources */ = {isa = PBXBuildFile; fileRef = B544725509F34D4BABA724A3 /* Ionicons.ttf */; };
		000934EFDA824FA2AE44A97D /* MaterialCommunityIcons.ttf in Resources */ = {isa = PBXBuildFile; fileRef = 18709F98D9A147219971CBC3 /* MaterialCommunityIcons.ttf */; };
		24002FEF95C9434C9600E1E2 /* MaterialIcons.ttf in Resources */ = {isa = PBXBuildFile; fileRef = 3675B01E286F47FAB1AC3A25 /* MaterialIcons.ttf */; };
		FEDAF3F8221341D28E0B451C /* Octicons.ttf in Resources */ = {isa = PBXBuildFile; fileRef = 28C15CC161F5418AB6EFFEB4 /* Octicons.ttf */; };
		2835EF7621FD436AB75F31C9 /* SimpleLineIcons.ttf in Resources */ = {isa = PBXBuildFile; fileRef = 59C9C1BE1B90445088444056 /* SimpleLineIcons.ttf */; };
		9BC5BA51F62E4FADA8056B1A /* Zocial.ttf in Resources */ = {isa = PBXBuildFile; fileRef = 1ADBCCCC76224DEE8AD3FF60 /* Zocial.ttf */; };
		8B9B261C2A4D45C2B2D0E247 /* AlwaysRadio.ttf in Resources */ = {isa = PBXBuildFile; fileRef = 4210FF4B224047FEA526C6F9 /* AlwaysRadio.ttf */; };
		7300CD005B1F4F0FAFE0044F /* Anglecia-Pro-Display.otf in Resources */ = {isa = PBXBuildFile; fileRef = 0B2A10BDC24041CFA8C61365 /* Anglecia-Pro-Display.otf */; };
		A893CF25FBC64F87B851D424 /* Arch-Bold.otf in Resources */ = {isa = PBXBuildFile; fileRef = A609E475D7924EDBB78C4FE1 /* Arch-Bold.otf */; };
		BA42F10A7F9F40CC97ED3FE7 /* Arch-BoldCond.otf in Resources */ = {isa = PBXBuildFile; fileRef = AA2F8BF45F4E4F59830F7974 /* Arch-BoldCond.otf */; };
		A4988853C400410D83A0A8EA /* Arch-Cond.otf in Resources */ = {isa = PBXBuildFile; fileRef = E576BC23EE9C41FB8A056453 /* Arch-Cond.otf */; };
		95399BAA8C0B4DEAA23554A7 /* Arch-Light.otf in Resources */ = {isa = PBXBuildFile; fileRef = F8966CCDD3B14F119A3361C9 /* Arch-Light.otf */; };
		507536460244419682B5634B /* Arch-LightCond.otf in Resources */ = {isa = PBXBuildFile; fileRef = 331E7A3E6A6B43528BA0F326 /* Arch-LightCond.otf */; };
		0F28F59BC5C7471B9BE2BF90 /* Arch.otf in Resources */ = {isa = PBXBuildFile; fileRef = C97EAAB37FB94DEAB0DFD970 /* Arch.otf */; };
		AC84B9786E6B4EAF8FA70BE7 /* Fabada.ttf in Resources */ = {isa = PBXBuildFile; fileRef = 8C83180000784029A274C684 /* Fabada.ttf */; };
		06AAAC30D9114F7DBEDA1D86 /* Latino.ttf in Resources */ = {isa = PBXBuildFile; fileRef = 336A0419D59F431CB270FD67 /* Latino.ttf */; };
		2C099C941A4E4669904792F7 /* Montserrat-Medium.otf in Resources */ = {isa = PBXBuildFile; fileRef = 27BD6E033864438FAAFF5855 /* Montserrat-Medium.otf */; };
		CD1564C96039420FA7524532 /* MontserratAlternates-Bold.otf in Resources */ = {isa = PBXBuildFile; fileRef = CD2C72F601004ED493A5F363 /* MontserratAlternates-Bold.otf */; };
		8A5F7DF7B1EA4B27A97BA50A /* UltimaPro.otf in Resources */ = {isa = PBXBuildFile; fileRef = 27DFC80A713244DBAFDB98A1 /* UltimaPro.otf */; };
/* End PBXBuildFile section */

/* Begin PBXContainerItemProxy section */
		00E356F41AD99517003FC87E /* PBXContainerItemProxy */ = {
			isa = PBXContainerItemProxy;
			containerPortal = 83CBB9F71A601CBA00E9B192 /* Project object */;
			proxyType = 1;
			remoteGlobalIDString = 13B07F861A680F5B00A75B9A;
			remoteInfo = XachmazGuide;
		};
		2D02E4911E0B4A5D006451C7 /* PBXContainerItemProxy */ = {
			isa = PBXContainerItemProxy;
			containerPortal = 83CBB9F71A601CBA00E9B192 /* Project object */;
			proxyType = 1;
			remoteGlobalIDString = 2D02E47A1E0B4A5D006451C7;
			remoteInfo = "XachmazGuide-tvOS";
		};
/* End PBXContainerItemProxy section */

/* Begin PBXFileReference section */
		008F07F21AC5B25A0029DE68 /* main.jsbundle */ = {isa = PBXFileReference; fileEncoding = 4; lastKnownFileType = text; path = main.jsbundle; sourceTree = "<group>"; };
		00E356EE1AD99517003FC87E /* XachmazGuideTests.xctest */ = {isa = PBXFileReference; explicitFileType = wrapper.cfbundle; includeInIndex = 0; path = XachmazGuideTests.xctest; sourceTree = BUILT_PRODUCTS_DIR; };
		00E356F11AD99517003FC87E /* Info.plist */ = {isa = PBXFileReference; lastKnownFileType = text.plist.xml; path = Info.plist; sourceTree = "<group>"; };
		00E356F21AD99517003FC87E /* XachmazGuideTests.m */ = {isa = PBXFileReference; lastKnownFileType = sourcecode.c.objc; path = XachmazGuideTests.m; sourceTree = "<group>"; };
		13B07F961A680F5B00A75B9A /* XachmazGuide.app */ = {isa = PBXFileReference; explicitFileType = wrapper.application; includeInIndex = 0; path = XachmazGuide.app; sourceTree = BUILT_PRODUCTS_DIR; };
		13B07FAF1A68108700A75B9A /* AppDelegate.h */ = {isa = PBXFileReference; fileEncoding = 4; lastKnownFileType = sourcecode.c.h; name = AppDelegate.h; path = XachmazGuide/AppDelegate.h; sourceTree = "<group>"; };
		13B07FB01A68108700A75B9A /* AppDelegate.m */ = {isa = PBXFileReference; fileEncoding = 4; lastKnownFileType = sourcecode.c.objc; name = AppDelegate.m; path = XachmazGuide/AppDelegate.m; sourceTree = "<group>"; };
		13B07FB21A68108700A75B9A /* Base */ = {isa = PBXFileReference; lastKnownFileType = file.xib; name = Base; path = Base.lproj/LaunchScreen.xib; sourceTree = "<group>"; };
		13B07FB51A68108700A75B9A /* Images.xcassets */ = {isa = PBXFileReference; lastKnownFileType = folder.assetcatalog; name = Images.xcassets; path = XachmazGuide/Images.xcassets; sourceTree = "<group>"; };
		13B07FB61A68108700A75B9A /* Info.plist */ = {isa = PBXFileReference; fileEncoding = 4; lastKnownFileType = text.plist.xml; name = Info.plist; path = XachmazGuide/Info.plist; sourceTree = "<group>"; };
		13B07FB71A68108700A75B9A /* main.m */ = {isa = PBXFileReference; fileEncoding = 4; lastKnownFileType = sourcecode.c.objc; name = main.m; path = XachmazGuide/main.m; sourceTree = "<group>"; };
		2D02E47B1E0B4A5D006451C7 /* XachmazGuide-tvOS.app */ = {isa = PBXFileReference; explicitFileType = wrapper.application; includeInIndex = 0; path = "XachmazGuide-tvOS.app"; sourceTree = BUILT_PRODUCTS_DIR; };
		2D02E4901E0B4A5D006451C7 /* XachmazGuide-tvOSTests.xctest */ = {isa = PBXFileReference; explicitFileType = wrapper.cfbundle; includeInIndex = 0; path = "XachmazGuide-tvOSTests.xctest"; sourceTree = BUILT_PRODUCTS_DIR; };
		ED297162215061F000B7C4FE /* JavaScriptCore.framework */ = {isa = PBXFileReference; lastKnownFileType = wrapper.framework; name = JavaScriptCore.framework; path = System/Library/Frameworks/JavaScriptCore.framework; sourceTree = SDKROOT; };
		ED2971642150620600B7C4FE /* JavaScriptCore.framework */ = {isa = PBXFileReference; lastKnownFileType = wrapper.framework; name = JavaScriptCore.framework; path = Platforms/AppleTVOS.platform/Developer/SDKs/AppleTVOS12.0.sdk/System/Library/Frameworks/JavaScriptCore.framework; sourceTree = DEVELOPER_DIR; };
		B6868C8CA2A84C3AA51531E9 /* AvenirNextCyr-Bold.ttf */ = {isa = PBXFileReference; name = "AvenirNextCyr-Bold.ttf"; path = "../app/assets/fonts/AvenirNextCyr-Bold.ttf"; sourceTree = "<group>"; fileEncoding = undefined; lastKnownFileType = unknown; explicitFileType = undefined; includeInIndex = 0; };
		5AFF239434D64DFEB29C0D5C /* AvenirNextCyr-BoldItalic.ttf */ = {isa = PBXFileReference; name = "AvenirNextCyr-BoldItalic.ttf"; path = "../app/assets/fonts/AvenirNextCyr-BoldItalic.ttf"; sourceTree = "<group>"; fileEncoding = undefined; lastKnownFileType = unknown; explicitFileType = undefined; includeInIndex = 0; };
		94F94BB766264AE5AF24C67B /* AvenirNextCyr-Demi.ttf */ = {isa = PBXFileReference; name = "AvenirNextCyr-Demi.ttf"; path = "../app/assets/fonts/AvenirNextCyr-Demi.ttf"; sourceTree = "<group>"; fileEncoding = undefined; lastKnownFileType = unknown; explicitFileType = undefined; includeInIndex = 0; };
		D09445AB545B4FD0A8996057 /* AvenirNextCyr-DemiItalic.ttf */ = {isa = PBXFileReference; name = "AvenirNextCyr-DemiItalic.ttf"; path = "../app/assets/fonts/AvenirNextCyr-DemiItalic.ttf"; sourceTree = "<group>"; fileEncoding = undefined; lastKnownFileType = unknown; explicitFileType = undefined; includeInIndex = 0; };
		B62A1FCB619B405BB28C0F6E /* AvenirNextCyr-Heavy.ttf */ = {isa = PBXFileReference; name = "AvenirNextCyr-Heavy.ttf"; path = "../app/assets/fonts/AvenirNextCyr-Heavy.ttf"; sourceTree = "<group>"; fileEncoding = undefined; lastKnownFileType = unknown; explicitFileType = undefined; includeInIndex = 0; };
		66EAB575614C4B0E90EE5C71 /* AvenirNextCyr-HeavyItalic.ttf */ = {isa = PBXFileReference; name = "AvenirNextCyr-HeavyItalic.ttf"; path = "../app/assets/fonts/AvenirNextCyr-HeavyItalic.ttf"; sourceTree = "<group>"; fileEncoding = undefined; lastKnownFileType = unknown; explicitFileType = undefined; includeInIndex = 0; };
		B8D02DEB7DBF4E2897836B30 /* AvenirNextCyr-Italic.ttf */ = {isa = PBXFileReference; name = "AvenirNextCyr-Italic.ttf"; path = "../app/assets/fonts/AvenirNextCyr-Italic.ttf"; sourceTree = "<group>"; fileEncoding = undefined; lastKnownFileType = unknown; explicitFileType = undefined; includeInIndex = 0; };
		3E1BEA195AFA4DC9B2D6FC29 /* AvenirNextCyr-Light.ttf */ = {isa = PBXFileReference; name = "AvenirNextCyr-Light.ttf"; path = "../app/assets/fonts/AvenirNextCyr-Light.ttf"; sourceTree = "<group>"; fileEncoding = undefined; lastKnownFileType = unknown; explicitFileType = undefined; includeInIndex = 0; };
		8D2A7F0E3853492B8155C0FE /* AvenirNextCyr-LightItalic.ttf */ = {isa = PBXFileReference; name = "AvenirNextCyr-LightItalic.ttf"; path = "../app/assets/fonts/AvenirNextCyr-LightItalic.ttf"; sourceTree = "<group>"; fileEncoding = undefined; lastKnownFileType = unknown; explicitFileType = undefined; includeInIndex = 0; };
		CE0E8E2CEF0A4B0CBC5AE6B2 /* AvenirNextCyr-Medium.ttf */ = {isa = PBXFileReference; name = "AvenirNextCyr-Medium.ttf"; path = "../app/assets/fonts/AvenirNextCyr-Medium.ttf"; sourceTree = "<group>"; fileEncoding = undefined; lastKnownFileType = unknown; explicitFileType = undefined; includeInIndex = 0; };
		07906B9A1F82423ABBD674CE /* AvenirNextCyr-MediumItalic.ttf */ = {isa = PBXFileReference; name = "AvenirNextCyr-MediumItalic.ttf"; path = "../app/assets/fonts/AvenirNextCyr-MediumItalic.ttf"; sourceTree = "<group>"; fileEncoding = undefined; lastKnownFileType = unknown; explicitFileType = undefined; includeInIndex = 0; };
		90F577B6B5724633B0B09751 /* AvenirNextCyr-Regular.ttf */ = {isa = PBXFileReference; name = "AvenirNextCyr-Regular.ttf"; path = "../app/assets/fonts/AvenirNextCyr-Regular.ttf"; sourceTree = "<group>"; fileEncoding = undefined; lastKnownFileType = unknown; explicitFileType = undefined; includeInIndex = 0; };
		EBC60066061E44FFB6A5AB40 /* AvenirNextCyr-Thin.ttf */ = {isa = PBXFileReference; name = "AvenirNextCyr-Thin.ttf"; path = "../app/assets/fonts/AvenirNextCyr-Thin.ttf"; sourceTree = "<group>"; fileEncoding = undefined; lastKnownFileType = unknown; explicitFileType = undefined; includeInIndex = 0; };
		56899BDB72D640B0BFD96220 /* AvenirNextCyr-ThinItalic.ttf */ = {isa = PBXFileReference; name = "AvenirNextCyr-ThinItalic.ttf"; path = "../app/assets/fonts/AvenirNextCyr-ThinItalic.ttf"; sourceTree = "<group>"; fileEncoding = undefined; lastKnownFileType = unknown; explicitFileType = undefined; includeInIndex = 0; };
		6D42A160A1DF4866BD2F8D9D /* AvenirNextCyr-UltraLight.ttf */ = {isa = PBXFileReference; name = "AvenirNextCyr-UltraLight.ttf"; path = "../app/assets/fonts/AvenirNextCyr-UltraLight.ttf"; sourceTree = "<group>"; fileEncoding = undefined; lastKnownFileType = unknown; explicitFileType = undefined; includeInIndex = 0; };
		C37D1B5D502944CC88FAED84 /* AvenirNextCyr-UltraLightIt.ttf */ = {isa = PBXFileReference; name = "AvenirNextCyr-UltraLightIt.ttf"; path = "../app/assets/fonts/AvenirNextCyr-UltraLightIt.ttf"; sourceTree = "<group>"; fileEncoding = undefined; lastKnownFileType = unknown; explicitFileType = undefined; includeInIndex = 0; };
		B676A0F24BFB4A83AAC277FE /* AntDesign.ttf */ = {isa = PBXFileReference; name = "AntDesign.ttf"; path = "../node_modules/react-native-vector-icons/Fonts/AntDesign.ttf"; sourceTree = "<group>"; fileEncoding = undefined; lastKnownFileType = unknown; explicitFileType = undefined; includeInIndex = 0; };
		2AC0E85A7ED642E080637644 /* Entypo.ttf */ = {isa = PBXFileReference; name = "Entypo.ttf"; path = "../node_modules/react-native-vector-icons/Fonts/Entypo.ttf"; sourceTree = "<group>"; fileEncoding = undefined; lastKnownFileType = unknown; explicitFileType = undefined; includeInIndex = 0; };
		D81E370F484B4A638788592C /* EvilIcons.ttf */ = {isa = PBXFileReference; name = "EvilIcons.ttf"; path = "../node_modules/react-native-vector-icons/Fonts/EvilIcons.ttf"; sourceTree = "<group>"; fileEncoding = undefined; lastKnownFileType = unknown; explicitFileType = undefined; includeInIndex = 0; };
		CB11E79A1BEE4221807695CC /* Feather.ttf */ = {isa = PBXFileReference; name = "Feather.ttf"; path = "../node_modules/react-native-vector-icons/Fonts/Feather.ttf"; sourceTree = "<group>"; fileEncoding = undefined; lastKnownFileType = unknown; explicitFileType = undefined; includeInIndex = 0; };
		5B1163F47D334064916669C5 /* FontAwesome.ttf */ = {isa = PBXFileReference; name = "FontAwesome.ttf"; path = "../node_modules/react-native-vector-icons/Fonts/FontAwesome.ttf"; sourceTree = "<group>"; fileEncoding = undefined; lastKnownFileType = unknown; explicitFileType = undefined; includeInIndex = 0; };
		F54BE831AF4B4A58A5BFD35F /* FontAwesome5_Brands.ttf */ = {isa = PBXFileReference; name = "FontAwesome5_Brands.ttf"; path = "../node_modules/react-native-vector-icons/Fonts/FontAwesome5_Brands.ttf"; sourceTree = "<group>"; fileEncoding = undefined; lastKnownFileType = unknown; explicitFileType = undefined; includeInIndex = 0; };
		4EDF364799C0429C8FAD7CF0 /* FontAwesome5_Regular.ttf */ = {isa = PBXFileReference; name = "FontAwesome5_Regular.ttf"; path = "../node_modules/react-native-vector-icons/Fonts/FontAwesome5_Regular.ttf"; sourceTree = "<group>"; fileEncoding = undefined; lastKnownFileType = unknown; explicitFileType = undefined; includeInIndex = 0; };
		05208704C3644758A98F38B5 /* FontAwesome5_Solid.ttf */ = {isa = PBXFileReference; name = "FontAwesome5_Solid.ttf"; path = "../node_modules/react-native-vector-icons/Fonts/FontAwesome5_Solid.ttf"; sourceTree = "<group>"; fileEncoding = undefined; lastKnownFileType = unknown; explicitFileType = undefined; includeInIndex = 0; };
		F4FA9B3A865E43B7B0186CAD /* Fontisto.ttf */ = {isa = PBXFileReference; name = "Fontisto.ttf"; path = "../node_modules/react-native-vector-icons/Fonts/Fontisto.ttf"; sourceTree = "<group>"; fileEncoding = undefined; lastKnownFileType = unknown; explicitFileType = undefined; includeInIndex = 0; };
		48BF2BAF140149E5B24CBC9E /* Foundation.ttf */ = {isa = PBXFileReference; name = "Foundation.ttf"; path = "../node_modules/react-native-vector-icons/Fonts/Foundation.ttf"; sourceTree = "<group>"; fileEncoding = undefined; lastKnownFileType = unknown; explicitFileType = undefined; includeInIndex = 0; };
		B544725509F34D4BABA724A3 /* Ionicons.ttf */ = {isa = PBXFileReference; name = "Ionicons.ttf"; path = "../node_modules/react-native-vector-icons/Fonts/Ionicons.ttf"; sourceTree = "<group>"; fileEncoding = undefined; lastKnownFileType = unknown; explicitFileType = undefined; includeInIndex = 0; };
		18709F98D9A147219971CBC3 /* MaterialCommunityIcons.ttf */ = {isa = PBXFileReference; name = "MaterialCommunityIcons.ttf"; path = "../node_modules/react-native-vector-icons/Fonts/MaterialCommunityIcons.ttf"; sourceTree = "<group>"; fileEncoding = undefined; lastKnownFileType = unknown; explicitFileType = undefined; includeInIndex = 0; };
		3675B01E286F47FAB1AC3A25 /* MaterialIcons.ttf */ = {isa = PBXFileReference; name = "MaterialIcons.ttf"; path = "../node_modules/react-native-vector-icons/Fonts/MaterialIcons.ttf"; sourceTree = "<group>"; fileEncoding = undefined; lastKnownFileType = unknown; explicitFileType = undefined; includeInIndex = 0; };
		28C15CC161F5418AB6EFFEB4 /* Octicons.ttf */ = {isa = PBXFileReference; name = "Octicons.ttf"; path = "../node_modules/react-native-vector-icons/Fonts/Octicons.ttf"; sourceTree = "<group>"; fileEncoding = undefined; lastKnownFileType = unknown; explicitFileType = undefined; includeInIndex = 0; };
		59C9C1BE1B90445088444056 /* SimpleLineIcons.ttf */ = {isa = PBXFileReference; name = "SimpleLineIcons.ttf"; path = "../node_modules/react-native-vector-icons/Fonts/SimpleLineIcons.ttf"; sourceTree = "<group>"; fileEncoding = undefined; lastKnownFileType = unknown; explicitFileType = undefined; includeInIndex = 0; };
		1ADBCCCC76224DEE8AD3FF60 /* Zocial.ttf */ = {isa = PBXFileReference; name = "Zocial.ttf"; path = "../node_modules/react-native-vector-icons/Fonts/Zocial.ttf"; sourceTree = "<group>"; fileEncoding = undefined; lastKnownFileType = unknown; explicitFileType = undefined; includeInIndex = 0; };
		4210FF4B224047FEA526C6F9 /* AlwaysRadio.ttf */ = {isa = PBXFileReference; name = "AlwaysRadio.ttf"; path = "../app/assets/fonts/AlwaysRadio.ttf"; sourceTree = "<group>"; fileEncoding = undefined; lastKnownFileType = unknown; explicitFileType = undefined; includeInIndex = 0; };
		0B2A10BDC24041CFA8C61365 /* Anglecia-Pro-Display.otf */ = {isa = PBXFileReference; name = "Anglecia-Pro-Display.otf"; path = "../app/assets/fonts/Anglecia-Pro-Display.otf"; sourceTree = "<group>"; fileEncoding = undefined; lastKnownFileType = unknown; explicitFileType = undefined; includeInIndex = 0; };
		A609E475D7924EDBB78C4FE1 /* Arch-Bold.otf */ = {isa = PBXFileReference; name = "Arch-Bold.otf"; path = "../app/assets/fonts/Arch-Bold.otf"; sourceTree = "<group>"; fileEncoding = undefined; lastKnownFileType = unknown; explicitFileType = undefined; includeInIndex = 0; };
		AA2F8BF45F4E4F59830F7974 /* Arch-BoldCond.otf */ = {isa = PBXFileReference; name = "Arch-BoldCond.otf"; path = "../app/assets/fonts/Arch-BoldCond.otf"; sourceTree = "<group>"; fileEncoding = undefined; lastKnownFileType = unknown; explicitFileType = undefined; includeInIndex = 0; };
		E576BC23EE9C41FB8A056453 /* Arch-Cond.otf */ = {isa = PBXFileReference; name = "Arch-Cond.otf"; path = "../app/assets/fonts/Arch-Cond.otf"; sourceTree = "<group>"; fileEncoding = undefined; lastKnownFileType = unknown; explicitFileType = undefined; includeInIndex = 0; };
		F8966CCDD3B14F119A3361C9 /* Arch-Light.otf */ = {isa = PBXFileReference; name = "Arch-Light.otf"; path = "../app/assets/fonts/Arch-Light.otf"; sourceTree = "<group>"; fileEncoding = undefined; lastKnownFileType = unknown; explicitFileType = undefined; includeInIndex = 0; };
		331E7A3E6A6B43528BA0F326 /* Arch-LightCond.otf */ = {isa = PBXFileReference; name = "Arch-LightCond.otf"; path = "../app/assets/fonts/Arch-LightCond.otf"; sourceTree = "<group>"; fileEncoding = undefined; lastKnownFileType = unknown; explicitFileType = undefined; includeInIndex = 0; };
		C97EAAB37FB94DEAB0DFD970 /* Arch.otf */ = {isa = PBXFileReference; name = "Arch.otf"; path = "../app/assets/fonts/Arch.otf"; sourceTree = "<group>"; fileEncoding = undefined; lastKnownFileType = unknown; explicitFileType = undefined; includeInIndex = 0; };
		8C83180000784029A274C684 /* Fabada.ttf */ = {isa = PBXFileReference; name = "Fabada.ttf"; path = "../app/assets/fonts/Fabada.ttf"; sourceTree = "<group>"; fileEncoding = undefined; lastKnownFileType = unknown; explicitFileType = undefined; includeInIndex = 0; };
		336A0419D59F431CB270FD67 /* Latino.ttf */ = {isa = PBXFileReference; name = "Latino.ttf"; path = "../app/assets/fonts/Latino.ttf"; sourceTree = "<group>"; fileEncoding = undefined; lastKnownFileType = unknown; explicitFileType = undefined; includeInIndex = 0; };
		27BD6E033864438FAAFF5855 /* Montserrat-Medium.otf */ = {isa = PBXFileReference; name = "Montserrat-Medium.otf"; path = "../app/assets/fonts/Montserrat-Medium.otf"; sourceTree = "<group>"; fileEncoding = undefined; lastKnownFileType = unknown; explicitFileType = undefined; includeInIndex = 0; };
		CD2C72F601004ED493A5F363 /* MontserratAlternates-Bold.otf */ = {isa = PBXFileReference; name = "MontserratAlternates-Bold.otf"; path = "../app/assets/fonts/MontserratAlternates-Bold.otf"; sourceTree = "<group>"; fileEncoding = undefined; lastKnownFileType = unknown; explicitFileType = undefined; includeInIndex = 0; };
		27DFC80A713244DBAFDB98A1 /* UltimaPro.otf */ = {isa = PBXFileReference; name = "UltimaPro.otf"; path = "../app/assets/fonts/UltimaPro.otf"; sourceTree = "<group>"; fileEncoding = undefined; lastKnownFileType = unknown; explicitFileType = undefined; includeInIndex = 0; };
/* End PBXFileReference section */

/* Begin PBXFrameworksBuildPhase section */
		00E356EB1AD99517003FC87E /* Frameworks */ = {
			isa = PBXFrameworksBuildPhase;
			buildActionMask = 2147483647;
			files = (
			);
			runOnlyForDeploymentPostprocessing = 0;
		};
		13B07F8C1A680F5B00A75B9A /* Frameworks */ = {
			isa = PBXFrameworksBuildPhase;
			buildActionMask = 2147483647;
			files = (
			);
			runOnlyForDeploymentPostprocessing = 0;
		};
		2D02E4781E0B4A5D006451C7 /* Frameworks */ = {
			isa = PBXFrameworksBuildPhase;
			buildActionMask = 2147483647;
			files = (
			);
			runOnlyForDeploymentPostprocessing = 0;
		};
		2D02E48D1E0B4A5D006451C7 /* Frameworks */ = {
			isa = PBXFrameworksBuildPhase;
			buildActionMask = 2147483647;
			files = (
			);
			runOnlyForDeploymentPostprocessing = 0;
		};
/* End PBXFrameworksBuildPhase section */

/* Begin PBXGroup section */
		00E356EF1AD99517003FC87E /* XachmazGuideTests */ = {
			isa = PBXGroup;
			children = (
				00E356F21AD99517003FC87E /* XachmazGuideTests.m */,
				00E356F01AD99517003FC87E /* Supporting Files */,
			);
			path = XachmazGuideTests;
			sourceTree = "<group>";
		};
		00E356F01AD99517003FC87E /* Supporting Files */ = {
			isa = PBXGroup;
			children = (
				00E356F11AD99517003FC87E /* Info.plist */,
			);
			name = "Supporting Files";
			sourceTree = "<group>";
		};
		13B07FAE1A68108700A75B9A /* XachmazGuide */ = {
			isa = PBXGroup;
			children = (
				008F07F21AC5B25A0029DE68 /* main.jsbundle */,
				13B07FAF1A68108700A75B9A /* AppDelegate.h */,
				13B07FB01A68108700A75B9A /* AppDelegate.m */,
				13B07FB51A68108700A75B9A /* Images.xcassets */,
				13B07FB61A68108700A75B9A /* Info.plist */,
				13B07FB11A68108700A75B9A /* LaunchScreen.xib */,
				13B07FB71A68108700A75B9A /* main.m */,
			);
			name = XachmazGuide;
			sourceTree = "<group>";
		};
		2D16E6871FA4F8E400B85C8A /* Frameworks */ = {
			isa = PBXGroup;
			children = (
				ED297162215061F000B7C4FE /* JavaScriptCore.framework */,
				ED2971642150620600B7C4FE /* JavaScriptCore.framework */,
			);
			name = Frameworks;
			sourceTree = "<group>";
		};
		832341AE1AAA6A7D00B99B32 /* Libraries */ = {
			isa = PBXGroup;
			children = (
			);
			name = Libraries;
			sourceTree = "<group>";
		};
		83CBB9F61A601CBA00E9B192 = {
			isa = PBXGroup;
			children = (
				13B07FAE1A68108700A75B9A /* XachmazGuide */,
				832341AE1AAA6A7D00B99B32 /* Libraries */,
				00E356EF1AD99517003FC87E /* XachmazGuideTests */,
				83CBBA001A601CBA00E9B192 /* Products */,
				2D16E6871FA4F8E400B85C8A /* Frameworks */,
				E98F9491EB574924B4C83C3C /* Resources */,
			);
			indentWidth = 2;
			sourceTree = "<group>";
			tabWidth = 2;
			usesTabs = 0;
		};
		83CBBA001A601CBA00E9B192 /* Products */ = {
			isa = PBXGroup;
			children = (
				13B07F961A680F5B00A75B9A /* XachmazGuide.app */,
				00E356EE1AD99517003FC87E /* XachmazGuideTests.xctest */,
				2D02E47B1E0B4A5D006451C7 /* XachmazGuide-tvOS.app */,
				2D02E4901E0B4A5D006451C7 /* XachmazGuide-tvOSTests.xctest */,
			);
			name = Products;
			sourceTree = "<group>";
		};
		E98F9491EB574924B4C83C3C /* Resources */ = {
			isa = "PBXGroup";
			children = (
				B6868C8CA2A84C3AA51531E9 /* AvenirNextCyr-Bold.ttf */,
				5AFF239434D64DFEB29C0D5C /* AvenirNextCyr-BoldItalic.ttf */,
				94F94BB766264AE5AF24C67B /* AvenirNextCyr-Demi.ttf */,
				D09445AB545B4FD0A8996057 /* AvenirNextCyr-DemiItalic.ttf */,
				B62A1FCB619B405BB28C0F6E /* AvenirNextCyr-Heavy.ttf */,
				66EAB575614C4B0E90EE5C71 /* AvenirNextCyr-HeavyItalic.ttf */,
				B8D02DEB7DBF4E2897836B30 /* AvenirNextCyr-Italic.ttf */,
				3E1BEA195AFA4DC9B2D6FC29 /* AvenirNextCyr-Light.ttf */,
				8D2A7F0E3853492B8155C0FE /* AvenirNextCyr-LightItalic.ttf */,
				CE0E8E2CEF0A4B0CBC5AE6B2 /* AvenirNextCyr-Medium.ttf */,
				07906B9A1F82423ABBD674CE /* AvenirNextCyr-MediumItalic.ttf */,
				90F577B6B5724633B0B09751 /* AvenirNextCyr-Regular.ttf */,
				EBC60066061E44FFB6A5AB40 /* AvenirNextCyr-Thin.ttf */,
				56899BDB72D640B0BFD96220 /* AvenirNextCyr-ThinItalic.ttf */,
				6D42A160A1DF4866BD2F8D9D /* AvenirNextCyr-UltraLight.ttf */,
				C37D1B5D502944CC88FAED84 /* AvenirNextCyr-UltraLightIt.ttf */,
				B676A0F24BFB4A83AAC277FE /* AntDesign.ttf */,
				2AC0E85A7ED642E080637644 /* Entypo.ttf */,
				D81E370F484B4A638788592C /* EvilIcons.ttf */,
				CB11E79A1BEE4221807695CC /* Feather.ttf */,
				5B1163F47D334064916669C5 /* FontAwesome.ttf */,
				F54BE831AF4B4A58A5BFD35F /* FontAwesome5_Brands.ttf */,
				4EDF364799C0429C8FAD7CF0 /* FontAwesome5_Regular.ttf */,
				05208704C3644758A98F38B5 /* FontAwesome5_Solid.ttf */,
				F4FA9B3A865E43B7B0186CAD /* Fontisto.ttf */,
				48BF2BAF140149E5B24CBC9E /* Foundation.ttf */,
				B544725509F34D4BABA724A3 /* Ionicons.ttf */,
				18709F98D9A147219971CBC3 /* MaterialCommunityIcons.ttf */,
				3675B01E286F47FAB1AC3A25 /* MaterialIcons.ttf */,
				28C15CC161F5418AB6EFFEB4 /* Octicons.ttf */,
				59C9C1BE1B90445088444056 /* SimpleLineIcons.ttf */,
				1ADBCCCC76224DEE8AD3FF60 /* Zocial.ttf */,
				4210FF4B224047FEA526C6F9 /* AlwaysRadio.ttf */,
				0B2A10BDC24041CFA8C61365 /* Anglecia-Pro-Display.otf */,
				A609E475D7924EDBB78C4FE1 /* Arch-Bold.otf */,
				AA2F8BF45F4E4F59830F7974 /* Arch-BoldCond.otf */,
				E576BC23EE9C41FB8A056453 /* Arch-Cond.otf */,
				F8966CCDD3B14F119A3361C9 /* Arch-Light.otf */,
				331E7A3E6A6B43528BA0F326 /* Arch-LightCond.otf */,
				C97EAAB37FB94DEAB0DFD970 /* Arch.otf */,
				8C83180000784029A274C684 /* Fabada.ttf */,
				336A0419D59F431CB270FD67 /* Latino.ttf */,
				27BD6E033864438FAAFF5855 /* Montserrat-Medium.otf */,
				CD2C72F601004ED493A5F363 /* MontserratAlternates-Bold.otf */,
				27DFC80A713244DBAFDB98A1 /* UltimaPro.otf */,
			);
			name = Resources;
			sourceTree = "<group>";
			path = "";
		};
/* End PBXGroup section */

/* Begin PBXNativeTarget section */
		00E356ED1AD99517003FC87E /* XachmazGuideTests */ = {
			isa = PBXNativeTarget;
			buildConfigurationList = 00E357021AD99517003FC87E /* Build configuration list for PBXNativeTarget "XachmazGuideTests" */;
			buildPhases = (
				00E356EA1AD99517003FC87E /* Sources */,
				00E356EB1AD99517003FC87E /* Frameworks */,
				00E356EC1AD99517003FC87E /* Resources */,
			);
			buildRules = (
			);
			dependencies = (
				00E356F51AD99517003FC87E /* PBXTargetDependency */,
			);
			name = XachmazGuideTests;
			productName = XachmazGuideTests;
			productReference = 00E356EE1AD99517003FC87E /* XachmazGuideTests.xctest */;
			productType = "com.apple.product-type.bundle.unit-test";
		};
		13B07F861A680F5B00A75B9A /* XachmazGuide */ = {
			isa = PBXNativeTarget;
			buildConfigurationList = 13B07F931A680F5B00A75B9A /* Build configuration list for PBXNativeTarget "XachmazGuide" */;
			buildPhases = (
				FD10A7F022414F080027D42C /* Start Packager */,
				13B07F871A680F5B00A75B9A /* Sources */,
				13B07F8C1A680F5B00A75B9A /* Frameworks */,
				13B07F8E1A680F5B00A75B9A /* Resources */,
				00DD1BFF1BD5951E006B06BC /* Bundle React Native code and images */,
			);
			buildRules = (
			);
			dependencies = (
			);
			name = XachmazGuide;
			productName = "XachmazGuide";
			productReference = 13B07F961A680F5B00A75B9A /* XachmazGuide.app */;
			productType = "com.apple.product-type.application";
		};
		2D02E47A1E0B4A5D006451C7 /* XachmazGuide-tvOS */ = {
			isa = PBXNativeTarget;
			buildConfigurationList = 2D02E4BA1E0B4A5E006451C7 /* Build configuration list for PBXNativeTarget "XachmazGuide-tvOS" */;
			buildPhases = (
				FD10A7F122414F3F0027D42C /* Start Packager */,
				2D02E4771E0B4A5D006451C7 /* Sources */,
				2D02E4781E0B4A5D006451C7 /* Frameworks */,
				2D02E4791E0B4A5D006451C7 /* Resources */,
				2D02E4CB1E0B4B27006451C7 /* Bundle React Native Code And Images */,
			);
			buildRules = (
			);
			dependencies = (
			);
			name = "XachmazGuide-tvOS";
			productName = "XachmazGuide-tvOS";
			productReference = 2D02E47B1E0B4A5D006451C7 /* XachmazGuide-tvOS.app */;
			productType = "com.apple.product-type.application";
		};
		2D02E48F1E0B4A5D006451C7 /* XachmazGuide-tvOSTests */ = {
			isa = PBXNativeTarget;
			buildConfigurationList = 2D02E4BB1E0B4A5E006451C7 /* Build configuration list for PBXNativeTarget "XachmazGuide-tvOSTests" */;
			buildPhases = (
				2D02E48C1E0B4A5D006451C7 /* Sources */,
				2D02E48D1E0B4A5D006451C7 /* Frameworks */,
				2D02E48E1E0B4A5D006451C7 /* Resources */,
			);
			buildRules = (
			);
			dependencies = (
				2D02E4921E0B4A5D006451C7 /* PBXTargetDependency */,
			);
			name = "XachmazGuide-tvOSTests";
			productName = "XachmazGuide-tvOSTests";
			productReference = 2D02E4901E0B4A5D006451C7 /* XachmazGuide-tvOSTests.xctest */;
			productType = "com.apple.product-type.bundle.unit-test";
		};
/* End PBXNativeTarget section */

/* Begin PBXProject section */
		83CBB9F71A601CBA00E9B192 /* Project object */ = {
			isa = PBXProject;
			attributes = {
				LastUpgradeCheck = 940;
				ORGANIZATIONNAME = Facebook;
				TargetAttributes = {
					00E356ED1AD99517003FC87E = {
						CreatedOnToolsVersion = 6.2;
						TestTargetID = 13B07F861A680F5B00A75B9A;
					};
					2D02E47A1E0B4A5D006451C7 = {
						CreatedOnToolsVersion = 8.2.1;
						ProvisioningStyle = Automatic;
					};
					2D02E48F1E0B4A5D006451C7 = {
						CreatedOnToolsVersion = 8.2.1;
						ProvisioningStyle = Automatic;
						TestTargetID = 2D02E47A1E0B4A5D006451C7;
					};
				};
			};
			buildConfigurationList = 83CBB9FA1A601CBA00E9B192 /* Build configuration list for PBXProject "XachmazGuide" */;
			compatibilityVersion = "Xcode 3.2";
			developmentRegion = English;
			hasScannedForEncodings = 0;
			knownRegions = (
				en,
				Base,
			);
			mainGroup = 83CBB9F61A601CBA00E9B192;
			productRefGroup = 83CBBA001A601CBA00E9B192 /* Products */;
			projectDirPath = "";
			projectRoot = "";
			targets = (
				13B07F861A680F5B00A75B9A /* XachmazGuide */,
				00E356ED1AD99517003FC87E /* XachmazGuideTests */,
				2D02E47A1E0B4A5D006451C7 /* XachmazGuide-tvOS */,
				2D02E48F1E0B4A5D006451C7 /* XachmazGuide-tvOSTests */,
			);
		};
/* End PBXProject section */

/* Begin PBXResourcesBuildPhase section */
		00E356EC1AD99517003FC87E /* Resources */ = {
			isa = PBXResourcesBuildPhase;
			buildActionMask = 2147483647;
			files = (
			);
			runOnlyForDeploymentPostprocessing = 0;
		};
		13B07F8E1A680F5B00A75B9A /* Resources */ = {
			isa = PBXResourcesBuildPhase;
			buildActionMask = 2147483647;
			files = (
				13B07FBF1A68108700A75B9A /* Images.xcassets in Resources */,
				13B07FBD1A68108700A75B9A /* LaunchScreen.xib in Resources */,
				EB0D160C931F4FE5B71C62D4 /* AvenirNextCyr-Bold.ttf in Resources */,
				F02EA8127D704798A4F5980D /* AvenirNextCyr-BoldItalic.ttf in Resources */,
				3203ADAF6AD94D85A2CF682D /* AvenirNextCyr-Demi.ttf in Resources */,
				F90E91B9A9904CE1846C2522 /* AvenirNextCyr-DemiItalic.ttf in Resources */,
				2E8CB45C9CDD4B788B4FCF9F /* AvenirNextCyr-Heavy.ttf in Resources */,
				2CA63C750F154ADDB84000D9 /* AvenirNextCyr-HeavyItalic.ttf in Resources */,
				15A9DCE3A9DB46138D23832E /* AvenirNextCyr-Italic.ttf in Resources */,
				2B2A45F029154C64BA381571 /* AvenirNextCyr-Light.ttf in Resources */,
				2FFC1E1709774482ADE4FF13 /* AvenirNextCyr-LightItalic.ttf in Resources */,
				593C8E95D87A409DA19FE95D /* AvenirNextCyr-Medium.ttf in Resources */,
				4BAD70A2CDCB4396B41A4ADA /* AvenirNextCyr-MediumItalic.ttf in Resources */,
				7296053901444557A9A6E47D /* AvenirNextCyr-Regular.ttf in Resources */,
				83BE977BFB0D493589C8D0AC /* AvenirNextCyr-Thin.ttf in Resources */,
				44B98FDB4BE44DDDADEAE0E8 /* AvenirNextCyr-ThinItalic.ttf in Resources */,
				F08D992BDF5147D4A8D94738 /* AvenirNextCyr-UltraLight.ttf in Resources */,
				7567ACB795BE44E593B4EE4B /* AvenirNextCyr-UltraLightIt.ttf in Resources */,
				EEFFD01CA9DE4969A4716516 /* AntDesign.ttf in Resources */,
				D1D57CF1FBBC4D6182F95177 /* Entypo.ttf in Resources */,
				5986720017134A1B980507D2 /* EvilIcons.ttf in Resources */,
				83D631308756486E8BA88484 /* Feather.ttf in Resources */,
				C0C390691D00479D825159E3 /* FontAwesome.ttf in Resources */,
				A0EAF1487CD041F781AA84C4 /* FontAwesome5_Brands.ttf in Resources */,
				B2CC393DC7D14161A6CA518B /* FontAwesome5_Regular.ttf in Resources */,
				B4B461D74763473EA3152A8D /* FontAwesome5_Solid.ttf in Resources */,
				90C13DECF30D434FA0588654 /* Fontisto.ttf in Resources */,
				55E688C7831E4B2EB63945EE /* Foundation.ttf in Resources */,
				89927CC9EB0F4538836A5E28 /* Ionicons.ttf in Resources */,
				000934EFDA824FA2AE44A97D /* MaterialCommunityIcons.ttf in Resources */,
				24002FEF95C9434C9600E1E2 /* MaterialIcons.ttf in Resources */,
				FEDAF3F8221341D28E0B451C /* Octicons.ttf in Resources */,
				2835EF7621FD436AB75F31C9 /* SimpleLineIcons.ttf in Resources */,
				9BC5BA51F62E4FADA8056B1A /* Zocial.ttf in Resources */,
				8B9B261C2A4D45C2B2D0E247 /* AlwaysRadio.ttf in Resources */,
				7300CD005B1F4F0FAFE0044F /* Anglecia-Pro-Display.otf in Resources */,
				A893CF25FBC64F87B851D424 /* Arch-Bold.otf in Resources */,
				BA42F10A7F9F40CC97ED3FE7 /* Arch-BoldCond.otf in Resources */,
				A4988853C400410D83A0A8EA /* Arch-Cond.otf in Resources */,
				95399BAA8C0B4DEAA23554A7 /* Arch-Light.otf in Resources */,
				507536460244419682B5634B /* Arch-LightCond.otf in Resources */,
				0F28F59BC5C7471B9BE2BF90 /* Arch.otf in Resources */,
				AC84B9786E6B4EAF8FA70BE7 /* Fabada.ttf in Resources */,
				06AAAC30D9114F7DBEDA1D86 /* Latino.ttf in Resources */,
				2C099C941A4E4669904792F7 /* Montserrat-Medium.otf in Resources */,
				CD1564C96039420FA7524532 /* MontserratAlternates-Bold.otf in Resources */,
				8A5F7DF7B1EA4B27A97BA50A /* UltimaPro.otf in Resources */,
			);
			runOnlyForDeploymentPostprocessing = 0;
		};
		2D02E4791E0B4A5D006451C7 /* Resources */ = {
			isa = PBXResourcesBuildPhase;
			buildActionMask = 2147483647;
			files = (
				2D02E4BD1E0B4A84006451C7 /* Images.xcassets in Resources */,
			);
			runOnlyForDeploymentPostprocessing = 0;
		};
		2D02E48E1E0B4A5D006451C7 /* Resources */ = {
			isa = PBXResourcesBuildPhase;
			buildActionMask = 2147483647;
			files = (
			);
			runOnlyForDeploymentPostprocessing = 0;
		};
/* End PBXResourcesBuildPhase section */

/* Begin PBXShellScriptBuildPhase section */
		00DD1BFF1BD5951E006B06BC /* Bundle React Native code and images */ = {
			isa = PBXShellScriptBuildPhase;
			buildActionMask = 2147483647;
			files = (
			);
			inputPaths = (
			);
			name = "Bundle React Native code and images";
			outputPaths = (
			);
			runOnlyForDeploymentPostprocessing = 0;
			shellPath = /bin/sh;
			shellScript = "export NODE_BINARY=node\n../node_modules/react-native/scripts/react-native-xcode.sh";
		};
		2D02E4CB1E0B4B27006451C7 /* Bundle React Native Code And Images */ = {
			isa = PBXShellScriptBuildPhase;
			buildActionMask = 2147483647;
			files = (
			);
			inputPaths = (
			);
			name = "Bundle React Native Code And Images";
			outputPaths = (
			);
			runOnlyForDeploymentPostprocessing = 0;
			shellPath = /bin/sh;
			shellScript = "export NODE_BINARY=node\n../node_modules/react-native/scripts/react-native-xcode.sh";
		};
		FD10A7F022414F080027D42C /* Start Packager */ = {
			isa = PBXShellScriptBuildPhase;
			buildActionMask = 2147483647;
			files = (
			);
			inputFileListPaths = (
			);
			inputPaths = (
			);
			name = "Start Packager";
			outputFileListPaths = (
			);
			outputPaths = (
			);
			runOnlyForDeploymentPostprocessing = 0;
			shellPath = /bin/sh;
			shellScript = "export RCT_METRO_PORT=\"${RCT_METRO_PORT:=8081}\"\necho \"export RCT_METRO_PORT=${RCT_METRO_PORT}\" > \"${SRCROOT}/../node_modules/react-native/scripts/.packager.env\"\nif [ -z \"${RCT_NO_LAUNCH_PACKAGER+xxx}\" ] ; then\n  if nc -w 5 -z localhost ${RCT_METRO_PORT} ; then\n    if ! curl -s \"http://localhost:${RCT_METRO_PORT}/status\" | grep -q \"packager-status:running\" ; then\n      echo \"Port ${RCT_METRO_PORT} already in use, packager is either not running or not running correctly\"\n      exit 2\n    fi\n  else\n    open \"$SRCROOT/../node_modules/react-native/scripts/launchPackager.command\" || echo \"Can't start packager automatically\"\n  fi\nfi\n";
			showEnvVarsInLog = 0;
		};
		FD10A7F122414F3F0027D42C /* Start Packager */ = {
			isa = PBXShellScriptBuildPhase;
			buildActionMask = 2147483647;
			files = (
			);
			inputFileListPaths = (
			);
			inputPaths = (
			);
			name = "Start Packager";
			outputFileListPaths = (
			);
			outputPaths = (
			);
			runOnlyForDeploymentPostprocessing = 0;
			shellPath = /bin/sh;
			shellScript = "export RCT_METRO_PORT=\"${RCT_METRO_PORT:=8081}\"\necho \"export RCT_METRO_PORT=${RCT_METRO_PORT}\" > \"${SRCROOT}/../node_modules/react-native/scripts/.packager.env\"\nif [ -z \"${RCT_NO_LAUNCH_PACKAGER+xxx}\" ] ; then\n  if nc -w 5 -z localhost ${RCT_METRO_PORT} ; then\n    if ! curl -s \"http://localhost:${RCT_METRO_PORT}/status\" | grep -q \"packager-status:running\" ; then\n      echo \"Port ${RCT_METRO_PORT} already in use, packager is either not running or not running correctly\"\n      exit 2\n    fi\n  else\n    open \"$SRCROOT/../node_modules/react-native/scripts/launchPackager.command\" || echo \"Can't start packager automatically\"\n  fi\nfi\n";
			showEnvVarsInLog = 0;
		};
/* End PBXShellScriptBuildPhase section */

/* Begin PBXSourcesBuildPhase section */
		00E356EA1AD99517003FC87E /* Sources */ = {
			isa = PBXSourcesBuildPhase;
			buildActionMask = 2147483647;
			files = (
				00E356F31AD99517003FC87E /* XachmazGuideTests.m in Sources */,
			);
			runOnlyForDeploymentPostprocessing = 0;
		};
		13B07F871A680F5B00A75B9A /* Sources */ = {
			isa = PBXSourcesBuildPhase;
			buildActionMask = 2147483647;
			files = (
				13B07FBC1A68108700A75B9A /* AppDelegate.m in Sources */,
				13B07FC11A68108700A75B9A /* main.m in Sources */,
			);
			runOnlyForDeploymentPostprocessing = 0;
		};
		2D02E4771E0B4A5D006451C7 /* Sources */ = {
			isa = PBXSourcesBuildPhase;
			buildActionMask = 2147483647;
			files = (
				2D02E4BF1E0B4AB3006451C7 /* main.m in Sources */,
				2D02E4BC1E0B4A80006451C7 /* AppDelegate.m in Sources */,
			);
			runOnlyForDeploymentPostprocessing = 0;
		};
		2D02E48C1E0B4A5D006451C7 /* Sources */ = {
			isa = PBXSourcesBuildPhase;
			buildActionMask = 2147483647;
			files = (
				2DCD954D1E0B4F2C00145EB5 /* XachmazGuideTests.m in Sources */,
			);
			runOnlyForDeploymentPostprocessing = 0;
		};
/* End PBXSourcesBuildPhase section */

/* Begin PBXTargetDependency section */
		00E356F51AD99517003FC87E /* PBXTargetDependency */ = {
			isa = PBXTargetDependency;
			target = 13B07F861A680F5B00A75B9A /* XachmazGuide */;
			targetProxy = 00E356F41AD99517003FC87E /* PBXContainerItemProxy */;
		};
		2D02E4921E0B4A5D006451C7 /* PBXTargetDependency */ = {
			isa = PBXTargetDependency;
			target = 2D02E47A1E0B4A5D006451C7 /* XachmazGuide-tvOS */;
			targetProxy = 2D02E4911E0B4A5D006451C7 /* PBXContainerItemProxy */;
		};
/* End PBXTargetDependency section */

/* Begin PBXVariantGroup section */
		13B07FB11A68108700A75B9A /* LaunchScreen.xib */ = {
			isa = PBXVariantGroup;
			children = (
				13B07FB21A68108700A75B9A /* Base */,
			);
			name = LaunchScreen.xib;
			path = XachmazGuide;
			sourceTree = "<group>";
		};
/* End PBXVariantGroup section */

/* Begin XCBuildConfiguration section */
		00E356F61AD99517003FC87E /* Debug */ = {
			isa = XCBuildConfiguration;
			buildSettings = {
				BUNDLE_LOADER = "$(TEST_HOST)";
				GCC_PREPROCESSOR_DEFINITIONS = (
					"DEBUG=1",
					"$(inherited)",
				);
				INFOPLIST_FILE = XachmazGuideTests/Info.plist;
				IPHONEOS_DEPLOYMENT_TARGET = 9.0;
				LD_RUNPATH_SEARCH_PATHS = "$(inherited) @executable_path/Frameworks @loader_path/Frameworks";
				OTHER_LDFLAGS = (
					"-ObjC",
					"-lc++",
					"$(inherited)",
				);
				PRODUCT_BUNDLE_IDENTIFIER = "org.reactjs.native.example.$(PRODUCT_NAME:rfc1034identifier)";
				PRODUCT_NAME = "$(TARGET_NAME)";
				TEST_HOST = "$(BUILT_PRODUCTS_DIR)/XachmazGuide.app/XachmazGuide";
			};
			name = Debug;
		};
		00E356F71AD99517003FC87E /* Release */ = {
			isa = XCBuildConfiguration;
			buildSettings = {
				BUNDLE_LOADER = "$(TEST_HOST)";
				COPY_PHASE_STRIP = NO;
				INFOPLIST_FILE = XachmazGuideTests/Info.plist;
				IPHONEOS_DEPLOYMENT_TARGET = 9.0;
				LD_RUNPATH_SEARCH_PATHS = "$(inherited) @executable_path/Frameworks @loader_path/Frameworks";
				OTHER_LDFLAGS = (
					"-ObjC",
					"-lc++",
					"$(inherited)",
				);
				PRODUCT_BUNDLE_IDENTIFIER = "org.reactjs.native.example.$(PRODUCT_NAME:rfc1034identifier)";
				PRODUCT_NAME = "$(TARGET_NAME)";
				TEST_HOST = "$(BUILT_PRODUCTS_DIR)/XachmazGuide.app/XachmazGuide";
			};
			name = Release;
		};
		13B07F941A680F5B00A75B9A /* Debug */ = {
			isa = XCBuildConfiguration;
			buildSettings = {
				ASSETCATALOG_COMPILER_APPICON_NAME = AppIcon;
				CURRENT_PROJECT_VERSION = 1;
				DEAD_CODE_STRIPPING = NO;
				INFOPLIST_FILE = XachmazGuide/Info.plist;
				LD_RUNPATH_SEARCH_PATHS = "$(inherited) @executable_path/Frameworks";
				OTHER_LDFLAGS = (
					"$(inherited)",
					"-ObjC",
					"-lc++",
				);
				PRODUCT_BUNDLE_IDENTIFIER = "org.reactjs.native.example.$(PRODUCT_NAME:rfc1034identifier)";
				PRODUCT_NAME = XachmazGuide;
				VERSIONING_SYSTEM = "apple-generic";
			};
			name = Debug;
		};
		13B07F951A680F5B00A75B9A /* Release */ = {
			isa = XCBuildConfiguration;
			buildSettings = {
				ASSETCATALOG_COMPILER_APPICON_NAME = AppIcon;
				CURRENT_PROJECT_VERSION = 1;
				INFOPLIST_FILE = XachmazGuide/Info.plist;
				LD_RUNPATH_SEARCH_PATHS = "$(inherited) @executable_path/Frameworks";
				OTHER_LDFLAGS = (
					"$(inherited)",
					"-ObjC",
					"-lc++",
				);
				PRODUCT_BUNDLE_IDENTIFIER = "org.reactjs.native.example.$(PRODUCT_NAME:rfc1034identifier)";
				PRODUCT_NAME = XachmazGuide;
				VERSIONING_SYSTEM = "apple-generic";
			};
			name = Release;
		};
		2D02E4971E0B4A5E006451C7 /* Debug */ = {
			isa = XCBuildConfiguration;
			buildSettings = {
				ASSETCATALOG_COMPILER_APPICON_NAME = "App Icon & Top Shelf Image";
				ASSETCATALOG_COMPILER_LAUNCHIMAGE_NAME = LaunchImage;
				CLANG_ANALYZER_NONNULL = YES;
				CLANG_WARN_DOCUMENTATION_COMMENTS = YES;
				CLANG_WARN_INFINITE_RECURSION = YES;
				CLANG_WARN_SUSPICIOUS_MOVE = YES;
				DEBUG_INFORMATION_FORMAT = dwarf;
				ENABLE_TESTABILITY = YES;
				GCC_NO_COMMON_BLOCKS = YES;
				INFOPLIST_FILE = "XachmazGuide-tvOS/Info.plist";
				LD_RUNPATH_SEARCH_PATHS = "$(inherited) @executable_path/Frameworks";
				OTHER_LDFLAGS = (
					"$(inherited)",
					"-ObjC",
					"-lc++",
				);
				PRODUCT_BUNDLE_IDENTIFIER = "com.facebook.REACT.XachmazGuide-tvOS";
				PRODUCT_NAME = "$(TARGET_NAME)";
				SDKROOT = appletvos;
				TARGETED_DEVICE_FAMILY = 3;
				TVOS_DEPLOYMENT_TARGET = 9.2;
			};
			name = Debug;
		};
		2D02E4981E0B4A5E006451C7 /* Release */ = {
			isa = XCBuildConfiguration;
			buildSettings = {
				ASSETCATALOG_COMPILER_APPICON_NAME = "App Icon & Top Shelf Image";
				ASSETCATALOG_COMPILER_LAUNCHIMAGE_NAME = LaunchImage;
				CLANG_ANALYZER_NONNULL = YES;
				CLANG_WARN_DOCUMENTATION_COMMENTS = YES;
				CLANG_WARN_INFINITE_RECURSION = YES;
				CLANG_WARN_SUSPICIOUS_MOVE = YES;
				COPY_PHASE_STRIP = NO;
				DEBUG_INFORMATION_FORMAT = "dwarf-with-dsym";
				GCC_NO_COMMON_BLOCKS = YES;
				INFOPLIST_FILE = "XachmazGuide-tvOS/Info.plist";
				LD_RUNPATH_SEARCH_PATHS = "$(inherited) @executable_path/Frameworks";
				OTHER_LDFLAGS = (
					"$(inherited)",
					"-ObjC",
					"-lc++",
				);
				PRODUCT_BUNDLE_IDENTIFIER = "com.facebook.REACT.XachmazGuide-tvOS";
				PRODUCT_NAME = "$(TARGET_NAME)";
				SDKROOT = appletvos;
				TARGETED_DEVICE_FAMILY = 3;
				TVOS_DEPLOYMENT_TARGET = 9.2;
			};
			name = Release;
		};
		2D02E4991E0B4A5E006451C7 /* Debug */ = {
			isa = XCBuildConfiguration;
			buildSettings = {
				BUNDLE_LOADER = "$(TEST_HOST)";
				CLANG_ANALYZER_NONNULL = YES;
				CLANG_WARN_DOCUMENTATION_COMMENTS = YES;
				CLANG_WARN_INFINITE_RECURSION = YES;
				CLANG_WARN_SUSPICIOUS_MOVE = YES;
				DEBUG_INFORMATION_FORMAT = dwarf;
				ENABLE_TESTABILITY = YES;
				GCC_NO_COMMON_BLOCKS = YES;
				INFOPLIST_FILE = "XachmazGuide-tvOSTests/Info.plist";
				LD_RUNPATH_SEARCH_PATHS = "$(inherited) @executable_path/Frameworks @loader_path/Frameworks";
				OTHER_LDFLAGS = (
					"$(inherited)",
					"-ObjC",
					"-lc++",
				);
				PRODUCT_BUNDLE_IDENTIFIER = "com.facebook.REACT.XachmazGuide-tvOSTests";
				PRODUCT_NAME = "$(TARGET_NAME)";
				SDKROOT = appletvos;
				TEST_HOST = "$(BUILT_PRODUCTS_DIR)/XachmazGuide-tvOS.app/XachmazGuide-tvOS";
				TVOS_DEPLOYMENT_TARGET = 10.1;
			};
			name = Debug;
		};
		2D02E49A1E0B4A5E006451C7 /* Release */ = {
			isa = XCBuildConfiguration;
			buildSettings = {
				BUNDLE_LOADER = "$(TEST_HOST)";
				CLANG_ANALYZER_NONNULL = YES;
				CLANG_WARN_DOCUMENTATION_COMMENTS = YES;
				CLANG_WARN_INFINITE_RECURSION = YES;
				CLANG_WARN_SUSPICIOUS_MOVE = YES;
				COPY_PHASE_STRIP = NO;
				DEBUG_INFORMATION_FORMAT = "dwarf-with-dsym";
				GCC_NO_COMMON_BLOCKS = YES;
				INFOPLIST_FILE = "XachmazGuide-tvOSTests/Info.plist";
				LD_RUNPATH_SEARCH_PATHS = "$(inherited) @executable_path/Frameworks @loader_path/Frameworks";
				OTHER_LDFLAGS = (
					"$(inherited)",
					"-ObjC",
					"-lc++",
				);
				PRODUCT_BUNDLE_IDENTIFIER = "com.facebook.REACT.XachmazGuide-tvOSTests";
				PRODUCT_NAME = "$(TARGET_NAME)";
				SDKROOT = appletvos;
				TEST_HOST = "$(BUILT_PRODUCTS_DIR)/XachmazGuide-tvOS.app/XachmazGuide-tvOS";
				TVOS_DEPLOYMENT_TARGET = 10.1;
			};
			name = Release;
		};
		83CBBA201A601CBA00E9B192 /* Debug */ = {
			isa = XCBuildConfiguration;
			buildSettings = {
				ALWAYS_SEARCH_USER_PATHS = NO;
				CLANG_CXX_LANGUAGE_STANDARD = "gnu++0x";
				CLANG_CXX_LIBRARY = "libc++";
				CLANG_ENABLE_MODULES = YES;
				CLANG_ENABLE_OBJC_ARC = YES;
				CLANG_WARN_BLOCK_CAPTURE_AUTORELEASING = YES;
				CLANG_WARN_BOOL_CONVERSION = YES;
				CLANG_WARN_COMMA = YES;
				CLANG_WARN_CONSTANT_CONVERSION = YES;
				CLANG_WARN_DEPRECATED_OBJC_IMPLEMENTATIONS = YES;
				CLANG_WARN_DIRECT_OBJC_ISA_USAGE = YES_ERROR;
				CLANG_WARN_EMPTY_BODY = YES;
				CLANG_WARN_ENUM_CONVERSION = YES;
				CLANG_WARN_INFINITE_RECURSION = YES;
				CLANG_WARN_INT_CONVERSION = YES;
				CLANG_WARN_NON_LITERAL_NULL_CONVERSION = YES;
				CLANG_WARN_OBJC_IMPLICIT_RETAIN_SELF = YES;
				CLANG_WARN_OBJC_LITERAL_CONVERSION = YES;
				CLANG_WARN_OBJC_ROOT_CLASS = YES_ERROR;
				CLANG_WARN_RANGE_LOOP_ANALYSIS = YES;
				CLANG_WARN_STRICT_PROTOTYPES = YES;
				CLANG_WARN_SUSPICIOUS_MOVE = YES;
				CLANG_WARN_UNREACHABLE_CODE = YES;
				CLANG_WARN__DUPLICATE_METHOD_MATCH = YES;
				"CODE_SIGN_IDENTITY[sdk=iphoneos*]" = "iPhone Developer";
				COPY_PHASE_STRIP = NO;
				ENABLE_STRICT_OBJC_MSGSEND = YES;
				ENABLE_TESTABILITY = YES;
				GCC_C_LANGUAGE_STANDARD = gnu99;
				GCC_DYNAMIC_NO_PIC = NO;
				GCC_NO_COMMON_BLOCKS = YES;
				GCC_OPTIMIZATION_LEVEL = 0;
				GCC_PREPROCESSOR_DEFINITIONS = (
					"DEBUG=1",
					"$(inherited)",
				);
				GCC_SYMBOLS_PRIVATE_EXTERN = NO;
				GCC_WARN_64_TO_32_BIT_CONVERSION = YES;
				GCC_WARN_ABOUT_RETURN_TYPE = YES_ERROR;
				GCC_WARN_UNDECLARED_SELECTOR = YES;
				GCC_WARN_UNINITIALIZED_AUTOS = YES_AGGRESSIVE;
				GCC_WARN_UNUSED_FUNCTION = YES;
				GCC_WARN_UNUSED_VARIABLE = YES;
				IPHONEOS_DEPLOYMENT_TARGET = 9.0;
				MTL_ENABLE_DEBUG_INFO = YES;
				ONLY_ACTIVE_ARCH = YES;
				SDKROOT = iphoneos;
			};
			name = Debug;
		};
		83CBBA211A601CBA00E9B192 /* Release */ = {
			isa = XCBuildConfiguration;
			buildSettings = {
				ALWAYS_SEARCH_USER_PATHS = NO;
				CLANG_CXX_LANGUAGE_STANDARD = "gnu++0x";
				CLANG_CXX_LIBRARY = "libc++";
				CLANG_ENABLE_MODULES = YES;
				CLANG_ENABLE_OBJC_ARC = YES;
				CLANG_WARN_BLOCK_CAPTURE_AUTORELEASING = YES;
				CLANG_WARN_BOOL_CONVERSION = YES;
				CLANG_WARN_COMMA = YES;
				CLANG_WARN_CONSTANT_CONVERSION = YES;
				CLANG_WARN_DEPRECATED_OBJC_IMPLEMENTATIONS = YES;
				CLANG_WARN_DIRECT_OBJC_ISA_USAGE = YES_ERROR;
				CLANG_WARN_EMPTY_BODY = YES;
				CLANG_WARN_ENUM_CONVERSION = YES;
				CLANG_WARN_INFINITE_RECURSION = YES;
				CLANG_WARN_INT_CONVERSION = YES;
				CLANG_WARN_NON_LITERAL_NULL_CONVERSION = YES;
				CLANG_WARN_OBJC_IMPLICIT_RETAIN_SELF = YES;
				CLANG_WARN_OBJC_LITERAL_CONVERSION = YES;
				CLANG_WARN_OBJC_ROOT_CLASS = YES_ERROR;
				CLANG_WARN_RANGE_LOOP_ANALYSIS = YES;
				CLANG_WARN_STRICT_PROTOTYPES = YES;
				CLANG_WARN_SUSPICIOUS_MOVE = YES;
				CLANG_WARN_UNREACHABLE_CODE = YES;
				CLANG_WARN__DUPLICATE_METHOD_MATCH = YES;
				"CODE_SIGN_IDENTITY[sdk=iphoneos*]" = "iPhone Developer";
				COPY_PHASE_STRIP = YES;
				ENABLE_NS_ASSERTIONS = NO;
				ENABLE_STRICT_OBJC_MSGSEND = YES;
				GCC_C_LANGUAGE_STANDARD = gnu99;
				GCC_NO_COMMON_BLOCKS = YES;
				GCC_WARN_64_TO_32_BIT_CONVERSION = YES;
				GCC_WARN_ABOUT_RETURN_TYPE = YES_ERROR;
				GCC_WARN_UNDECLARED_SELECTOR = YES;
				GCC_WARN_UNINITIALIZED_AUTOS = YES_AGGRESSIVE;
				GCC_WARN_UNUSED_FUNCTION = YES;
				GCC_WARN_UNUSED_VARIABLE = YES;
				IPHONEOS_DEPLOYMENT_TARGET = 9.0;
				MTL_ENABLE_DEBUG_INFO = NO;
				SDKROOT = iphoneos;
				VALIDATE_PRODUCT = YES;
			};
			name = Release;
		};
/* End XCBuildConfiguration section */

/* Begin XCConfigurationList section */
		00E357021AD99517003FC87E /* Build configuration list for PBXNativeTarget "XachmazGuideTests" */ = {
			isa = XCConfigurationList;
			buildConfigurations = (
				00E356F61AD99517003FC87E /* Debug */,
				00E356F71AD99517003FC87E /* Release */,
			);
			defaultConfigurationIsVisible = 0;
			defaultConfigurationName = Release;
		};
		13B07F931A680F5B00A75B9A /* Build configuration list for PBXNativeTarget "XachmazGuide" */ = {
			isa = XCConfigurationList;
			buildConfigurations = (
				13B07F941A680F5B00A75B9A /* Debug */,
				13B07F951A680F5B00A75B9A /* Release */,
			);
			defaultConfigurationIsVisible = 0;
			defaultConfigurationName = Release;
		};
		2D02E4BA1E0B4A5E006451C7 /* Build configuration list for PBXNativeTarget "XachmazGuide-tvOS" */ = {
			isa = XCConfigurationList;
			buildConfigurations = (
				2D02E4971E0B4A5E006451C7 /* Debug */,
				2D02E4981E0B4A5E006451C7 /* Release */,
			);
			defaultConfigurationIsVisible = 0;
			defaultConfigurationName = Release;
		};
		2D02E4BB1E0B4A5E006451C7 /* Build configuration list for PBXNativeTarget "XachmazGuide-tvOSTests" */ = {
			isa = XCConfigurationList;
			buildConfigurations = (
				2D02E4991E0B4A5E006451C7 /* Debug */,
				2D02E49A1E0B4A5E006451C7 /* Release */,
			);
			defaultConfigurationIsVisible = 0;
			defaultConfigurationName = Release;
		};
		83CBB9FA1A601CBA00E9B192 /* Build configuration list for PBXProject "XachmazGuide" */ = {
			isa = XCConfigurationList;
			buildConfigurations = (
				83CBBA201A601CBA00E9B192 /* Debug */,
				83CBBA211A601CBA00E9B192 /* Release */,
			);
			defaultConfigurationIsVisible = 0;
			defaultConfigurationName = Release;
		};
/* End XCConfigurationList section */
	};
	rootObject = 83CBB9F71A601CBA00E9B192 /* Project object */;
}
